// !$*UTF8*$!
{
	archiveVersion = 1;
	classes = {
	};
	objectVersion = 56;
	objects = {

/* Begin PBXBuildFile section */
		7AE16F0E2AA92CFB0060B410 /* GoogleService-Info.plist in Resources */ = {isa = PBXBuildFile; fileRef = 7AE16F0D2AA92CFB0060B410 /* GoogleService-Info.plist */; };
		7AE16F152AA9363E0060B410 /* GoogleSignIn in Frameworks */ = {isa = PBXBuildFile; productRef = 7AE16F142AA9363E0060B410 /* GoogleSignIn */; };
		7AE16F172AA9363E0060B410 /* GoogleSignInSwift in Frameworks */ = {isa = PBXBuildFile; productRef = 7AE16F162AA9363E0060B410 /* GoogleSignInSwift */; };
		7AE16F1C2AA972BE0060B410 /* FirebaseAuthViewModel.swift in Sources */ = {isa = PBXBuildFile; fileRef = 7AE16F1B2AA972BE0060B410 /* FirebaseAuthViewModel.swift */; };
		7AE16F242AA988C70060B410 /* User.swift in Sources */ = {isa = PBXBuildFile; fileRef = 7AE16F232AA988C70060B410 /* User.swift */; };
		7AF0D5822AA6D37A0085AAC8 /* project_chef_ggApp.swift in Sources */ = {isa = PBXBuildFile; fileRef = 7AF0D5812AA6D37A0085AAC8 /* project_chef_ggApp.swift */; };
		7AF0D5842AA6D37A0085AAC8 /* ContentView.swift in Sources */ = {isa = PBXBuildFile; fileRef = 7AF0D5832AA6D37A0085AAC8 /* ContentView.swift */; };
		7AF0D5862AA6D37B0085AAC8 /* Assets.xcassets in Resources */ = {isa = PBXBuildFile; fileRef = 7AF0D5852AA6D37B0085AAC8 /* Assets.xcassets */; };
		7AF0D5892AA6D37B0085AAC8 /* Preview Assets.xcassets in Resources */ = {isa = PBXBuildFile; fileRef = 7AF0D5882AA6D37B0085AAC8 /* Preview Assets.xcassets */; };
		7AF0D5AF2AA6D79D0085AAC8 /* FirebaseAnalytics in Frameworks */ = {isa = PBXBuildFile; productRef = 7AF0D5AE2AA6D79D0085AAC8 /* FirebaseAnalytics */; };
		7AF0D5B12AA6D79D0085AAC8 /* FirebaseAnalyticsSwift in Frameworks */ = {isa = PBXBuildFile; productRef = 7AF0D5B02AA6D79D0085AAC8 /* FirebaseAnalyticsSwift */; };
		7AF0D5B32AA6D79D0085AAC8 /* FirebaseAppCheck in Frameworks */ = {isa = PBXBuildFile; productRef = 7AF0D5B22AA6D79D0085AAC8 /* FirebaseAppCheck */; };
		7AF0D5B52AA6D79D0085AAC8 /* FirebaseAppDistribution-Beta in Frameworks */ = {isa = PBXBuildFile; productRef = 7AF0D5B42AA6D79D0085AAC8 /* FirebaseAppDistribution-Beta */; };
		7AF0D5B72AA6D79D0085AAC8 /* FirebaseAuthCombine-Community in Frameworks */ = {isa = PBXBuildFile; productRef = 7AF0D5B62AA6D79D0085AAC8 /* FirebaseAuthCombine-Community */; };
		7AF0D5B92AA6D79D0085AAC8 /* FirebaseCrashlytics in Frameworks */ = {isa = PBXBuildFile; productRef = 7AF0D5B82AA6D79D0085AAC8 /* FirebaseCrashlytics */; };
		7AF0D5BB2AA6D79D0085AAC8 /* FirebaseFirestoreCombine-Community in Frameworks */ = {isa = PBXBuildFile; productRef = 7AF0D5BA2AA6D79D0085AAC8 /* FirebaseFirestoreCombine-Community */; };
		7AF0D5BD2AA6D79D0085AAC8 /* FirebaseFunctionsCombine-Community in Frameworks */ = {isa = PBXBuildFile; productRef = 7AF0D5BC2AA6D79D0085AAC8 /* FirebaseFunctionsCombine-Community */; };
		7AF0D5BF2AA6D79D0085AAC8 /* FirebaseInAppMessagingSwift-Beta in Frameworks */ = {isa = PBXBuildFile; productRef = 7AF0D5BE2AA6D79D0085AAC8 /* FirebaseInAppMessagingSwift-Beta */; };
		7AF0D5C12AA6D79D0085AAC8 /* FirebaseInstallations in Frameworks */ = {isa = PBXBuildFile; productRef = 7AF0D5C02AA6D79D0085AAC8 /* FirebaseInstallations */; };
		7AF0D5C32AA6D79D0085AAC8 /* FirebaseMessaging in Frameworks */ = {isa = PBXBuildFile; productRef = 7AF0D5C22AA6D79D0085AAC8 /* FirebaseMessaging */; };
		7AF0D5C52AA6D79D0085AAC8 /* FirebasePerformance in Frameworks */ = {isa = PBXBuildFile; productRef = 7AF0D5C42AA6D79D0085AAC8 /* FirebasePerformance */; };
		7AF0D5C72AA6D79D0085AAC8 /* FirebaseRemoteConfigSwift in Frameworks */ = {isa = PBXBuildFile; productRef = 7AF0D5C62AA6D79D0085AAC8 /* FirebaseRemoteConfigSwift */; };
		7AF0D5C92AA6D79D0085AAC8 /* FirebaseStorageCombine-Community in Frameworks */ = {isa = PBXBuildFile; productRef = 7AF0D5C82AA6D79D0085AAC8 /* FirebaseStorageCombine-Community */; };
		7AF0D5CC2AA6DF660085AAC8 /* SignInView.swift in Sources */ = {isa = PBXBuildFile; fileRef = 7AF0D5CB2AA6DF660085AAC8 /* SignInView.swift */; };
/* End PBXBuildFile section */

/* Begin PBXFileReference section */
		7AE16F0D2AA92CFB0060B410 /* GoogleService-Info.plist */ = {isa = PBXFileReference; fileEncoding = 4; lastKnownFileType = text.plist.xml; path = "GoogleService-Info.plist"; sourceTree = "<group>"; };
		7AE16F0F2AA92ED30060B410 /* Info.plist */ = {isa = PBXFileReference; lastKnownFileType = text.plist; path = Info.plist; sourceTree = "<group>"; };
		7AE16F1B2AA972BE0060B410 /* FirebaseAuthViewModel.swift */ = {isa = PBXFileReference; lastKnownFileType = sourcecode.swift; path = FirebaseAuthViewModel.swift; sourceTree = "<group>"; };
		7AE16F232AA988C70060B410 /* User.swift */ = {isa = PBXFileReference; lastKnownFileType = sourcecode.swift; path = User.swift; sourceTree = "<group>"; };
		7AF0D57E2AA6D37A0085AAC8 /* project-chef-gg.app */ = {isa = PBXFileReference; explicitFileType = wrapper.application; includeInIndex = 0; path = "project-chef-gg.app"; sourceTree = BUILT_PRODUCTS_DIR; };
		7AF0D5812AA6D37A0085AAC8 /* project_chef_ggApp.swift */ = {isa = PBXFileReference; lastKnownFileType = sourcecode.swift; path = project_chef_ggApp.swift; sourceTree = "<group>"; };
		7AF0D5832AA6D37A0085AAC8 /* ContentView.swift */ = {isa = PBXFileReference; lastKnownFileType = sourcecode.swift; path = ContentView.swift; sourceTree = "<group>"; };
		7AF0D5852AA6D37B0085AAC8 /* Assets.xcassets */ = {isa = PBXFileReference; lastKnownFileType = folder.assetcatalog; path = Assets.xcassets; sourceTree = "<group>"; };
		7AF0D5882AA6D37B0085AAC8 /* Preview Assets.xcassets */ = {isa = PBXFileReference; lastKnownFileType = folder.assetcatalog; path = "Preview Assets.xcassets"; sourceTree = "<group>"; };
		7AF0D5CB2AA6DF660085AAC8 /* SignInView.swift */ = {isa = PBXFileReference; lastKnownFileType = sourcecode.swift; path = SignInView.swift; sourceTree = "<group>"; };
/* End PBXFileReference section */

/* Begin PBXFrameworksBuildPhase section */
		7AF0D57B2AA6D37A0085AAC8 /* Frameworks */ = {
			isa = PBXFrameworksBuildPhase;
			buildActionMask = 2147483647;
			files = (
				7AF0D5B12AA6D79D0085AAC8 /* FirebaseAnalyticsSwift in Frameworks */,
				7AF0D5B32AA6D79D0085AAC8 /* FirebaseAppCheck in Frameworks */,
				7AF0D5C52AA6D79D0085AAC8 /* FirebasePerformance in Frameworks */,
				7AE16F172AA9363E0060B410 /* GoogleSignInSwift in Frameworks */,
				7AF0D5AF2AA6D79D0085AAC8 /* FirebaseAnalytics in Frameworks */,
				7AF0D5B92AA6D79D0085AAC8 /* FirebaseCrashlytics in Frameworks */,
				7AE16F152AA9363E0060B410 /* GoogleSignIn in Frameworks */,
				7AF0D5B52AA6D79D0085AAC8 /* FirebaseAppDistribution-Beta in Frameworks */,
				7AF0D5B72AA6D79D0085AAC8 /* FirebaseAuthCombine-Community in Frameworks */,
				7AF0D5BB2AA6D79D0085AAC8 /* FirebaseFirestoreCombine-Community in Frameworks */,
				7AF0D5C92AA6D79D0085AAC8 /* FirebaseStorageCombine-Community in Frameworks */,
				7AF0D5BF2AA6D79D0085AAC8 /* FirebaseInAppMessagingSwift-Beta in Frameworks */,
				7AF0D5BD2AA6D79D0085AAC8 /* FirebaseFunctionsCombine-Community in Frameworks */,
				7AF0D5C32AA6D79D0085AAC8 /* FirebaseMessaging in Frameworks */,
				7AF0D5C12AA6D79D0085AAC8 /* FirebaseInstallations in Frameworks */,
				7AF0D5C72AA6D79D0085AAC8 /* FirebaseRemoteConfigSwift in Frameworks */,
			);
			runOnlyForDeploymentPostprocessing = 0;
		};
/* End PBXFrameworksBuildPhase section */

/* Begin PBXGroup section */
		7AE16F102AA932970060B410 /* ViewModels */ = {
			isa = PBXGroup;
			children = (
				7AE16F1B2AA972BE0060B410 /* FirebaseAuthViewModel.swift */,
			);
			path = ViewModels;
			sourceTree = "<group>";
		};
		7AE16F222AA987EC0060B410 /* Models */ = {
			isa = PBXGroup;
			children = (
				7AE16F232AA988C70060B410 /* User.swift */,
			);
			path = Models;
			sourceTree = "<group>";
		};
		7AF0D5752AA6D37A0085AAC8 = {
			isa = PBXGroup;
			children = (
				7AF0D5802AA6D37A0085AAC8 /* project-chef-gg */,
				7AF0D57F2AA6D37A0085AAC8 /* Products */,
			);
			sourceTree = "<group>";
		};
		7AF0D57F2AA6D37A0085AAC8 /* Products */ = {
			isa = PBXGroup;
			children = (
				7AF0D57E2AA6D37A0085AAC8 /* project-chef-gg.app */,
			);
			name = Products;
			sourceTree = "<group>";
		};
		7AF0D5802AA6D37A0085AAC8 /* project-chef-gg */ = {
			isa = PBXGroup;
			children = (
				7AE16F222AA987EC0060B410 /* Models */,
				7AE16F102AA932970060B410 /* ViewModels */,
				7AE16F0F2AA92ED30060B410 /* Info.plist */,
				7AE16F0D2AA92CFB0060B410 /* GoogleService-Info.plist */,
				7AF0D5CA2AA6DEAB0085AAC8 /* Views */,
				7AF0D5812AA6D37A0085AAC8 /* project_chef_ggApp.swift */,
				7AF0D5852AA6D37B0085AAC8 /* Assets.xcassets */,
				7AF0D5872AA6D37B0085AAC8 /* Preview Content */,
			);
			path = "project-chef-gg";
			sourceTree = "<group>";
		};
		7AF0D5872AA6D37B0085AAC8 /* Preview Content */ = {
			isa = PBXGroup;
			children = (
				7AF0D5882AA6D37B0085AAC8 /* Preview Assets.xcassets */,
			);
			path = "Preview Content";
			sourceTree = "<group>";
		};
		7AF0D5CA2AA6DEAB0085AAC8 /* Views */ = {
			isa = PBXGroup;
			children = (
				7AF0D5832AA6D37A0085AAC8 /* ContentView.swift */,
				7AF0D5CB2AA6DF660085AAC8 /* SignInView.swift */,
			);
			path = Views;
			sourceTree = "<group>";
		};
/* End PBXGroup section */

/* Begin PBXNativeTarget section */
		7AF0D57D2AA6D37A0085AAC8 /* project-chef-gg */ = {
			isa = PBXNativeTarget;
			buildConfigurationList = 7AF0D5A22AA6D37B0085AAC8 /* Build configuration list for PBXNativeTarget "project-chef-gg" */;
			buildPhases = (
				7AF0D57A2AA6D37A0085AAC8 /* Sources */,
				7AF0D57B2AA6D37A0085AAC8 /* Frameworks */,
				7AF0D57C2AA6D37A0085AAC8 /* Resources */,
			);
			buildRules = (
			);
			dependencies = (
			);
			name = "project-chef-gg";
			packageProductDependencies = (
				7AF0D5AE2AA6D79D0085AAC8 /* FirebaseAnalytics */,
				7AF0D5B02AA6D79D0085AAC8 /* FirebaseAnalyticsSwift */,
				7AF0D5B22AA6D79D0085AAC8 /* FirebaseAppCheck */,
				7AF0D5B42AA6D79D0085AAC8 /* FirebaseAppDistribution-Beta */,
				7AF0D5B62AA6D79D0085AAC8 /* FirebaseAuthCombine-Community */,
				7AF0D5B82AA6D79D0085AAC8 /* FirebaseCrashlytics */,
				7AF0D5BA2AA6D79D0085AAC8 /* FirebaseFirestoreCombine-Community */,
				7AF0D5BC2AA6D79D0085AAC8 /* FirebaseFunctionsCombine-Community */,
				7AF0D5BE2AA6D79D0085AAC8 /* FirebaseInAppMessagingSwift-Beta */,
				7AF0D5C02AA6D79D0085AAC8 /* FirebaseInstallations */,
				7AF0D5C22AA6D79D0085AAC8 /* FirebaseMessaging */,
				7AF0D5C42AA6D79D0085AAC8 /* FirebasePerformance */,
				7AF0D5C62AA6D79D0085AAC8 /* FirebaseRemoteConfigSwift */,
				7AF0D5C82AA6D79D0085AAC8 /* FirebaseStorageCombine-Community */,
				7AE16F142AA9363E0060B410 /* GoogleSignIn */,
				7AE16F162AA9363E0060B410 /* GoogleSignInSwift */,
			);
			productName = "project-chef-gg";
			productReference = 7AF0D57E2AA6D37A0085AAC8 /* project-chef-gg.app */;
			productType = "com.apple.product-type.application";
		};
/* End PBXNativeTarget section */

/* Begin PBXProject section */
		7AF0D5762AA6D37A0085AAC8 /* Project object */ = {
			isa = PBXProject;
			attributes = {
				BuildIndependentTargetsInParallel = 1;
				LastSwiftUpdateCheck = 1430;
				LastUpgradeCheck = 1430;
				TargetAttributes = {
					7AF0D57D2AA6D37A0085AAC8 = {
						CreatedOnToolsVersion = 14.3.1;
					};
				};
			};
			buildConfigurationList = 7AF0D5792AA6D37A0085AAC8 /* Build configuration list for PBXProject "project-chef-gg" */;
			compatibilityVersion = "Xcode 14.0";
			developmentRegion = en;
			hasScannedForEncodings = 0;
			knownRegions = (
				en,
				Base,
			);
			mainGroup = 7AF0D5752AA6D37A0085AAC8;
			packageReferences = (
				7AF0D5AD2AA6D79D0085AAC8 /* XCRemoteSwiftPackageReference "firebase-ios-sdk" */,
				7AE16F132AA9363E0060B410 /* XCRemoteSwiftPackageReference "GoogleSignIn-iOS" */,
			);
			productRefGroup = 7AF0D57F2AA6D37A0085AAC8 /* Products */;
			projectDirPath = "";
			projectRoot = "";
			targets = (
				7AF0D57D2AA6D37A0085AAC8 /* project-chef-gg */,
			);
		};
/* End PBXProject section */

/* Begin PBXResourcesBuildPhase section */
		7AF0D57C2AA6D37A0085AAC8 /* Resources */ = {
			isa = PBXResourcesBuildPhase;
			buildActionMask = 2147483647;
			files = (
				7AF0D5892AA6D37B0085AAC8 /* Preview Assets.xcassets in Resources */,
				7AE16F0E2AA92CFB0060B410 /* GoogleService-Info.plist in Resources */,
				7AF0D5862AA6D37B0085AAC8 /* Assets.xcassets in Resources */,
			);
			runOnlyForDeploymentPostprocessing = 0;
		};
/* End PBXResourcesBuildPhase section */

/* Begin PBXSourcesBuildPhase section */
		7AF0D57A2AA6D37A0085AAC8 /* Sources */ = {
			isa = PBXSourcesBuildPhase;
			buildActionMask = 2147483647;
			files = (
				7AF0D5842AA6D37A0085AAC8 /* ContentView.swift in Sources */,
				7AF0D5822AA6D37A0085AAC8 /* project_chef_ggApp.swift in Sources */,
				7AE16F1C2AA972BE0060B410 /* FirebaseAuthViewModel.swift in Sources */,
				7AF0D5CC2AA6DF660085AAC8 /* SignInView.swift in Sources */,
				7AE16F242AA988C70060B410 /* User.swift in Sources */,
			);
			runOnlyForDeploymentPostprocessing = 0;
		};
/* End PBXSourcesBuildPhase section */

/* Begin XCBuildConfiguration section */
		7AF0D5A02AA6D37B0085AAC8 /* Debug */ = {
			isa = XCBuildConfiguration;
			buildSettings = {
				ALWAYS_SEARCH_USER_PATHS = NO;
				CLANG_ANALYZER_NONNULL = YES;
				CLANG_ANALYZER_NUMBER_OBJECT_CONVERSION = YES_AGGRESSIVE;
				CLANG_CXX_LANGUAGE_STANDARD = "gnu++20";
				CLANG_ENABLE_MODULES = YES;
				CLANG_ENABLE_OBJC_ARC = YES;
				CLANG_ENABLE_OBJC_WEAK = YES;
				CLANG_WARN_BLOCK_CAPTURE_AUTORELEASING = YES;
				CLANG_WARN_BOOL_CONVERSION = YES;
				CLANG_WARN_COMMA = YES;
				CLANG_WARN_CONSTANT_CONVERSION = YES;
				CLANG_WARN_DEPRECATED_OBJC_IMPLEMENTATIONS = YES;
				CLANG_WARN_DIRECT_OBJC_ISA_USAGE = YES_ERROR;
				CLANG_WARN_DOCUMENTATION_COMMENTS = YES;
				CLANG_WARN_EMPTY_BODY = YES;
				CLANG_WARN_ENUM_CONVERSION = YES;
				CLANG_WARN_INFINITE_RECURSION = YES;
				CLANG_WARN_INT_CONVERSION = YES;
				CLANG_WARN_NON_LITERAL_NULL_CONVERSION = YES;
				CLANG_WARN_OBJC_IMPLICIT_RETAIN_SELF = YES;
				CLANG_WARN_OBJC_LITERAL_CONVERSION = YES;
				CLANG_WARN_OBJC_ROOT_CLASS = YES_ERROR;
				CLANG_WARN_QUOTED_INCLUDE_IN_FRAMEWORK_HEADER = YES;
				CLANG_WARN_RANGE_LOOP_ANALYSIS = YES;
				CLANG_WARN_STRICT_PROTOTYPES = YES;
				CLANG_WARN_SUSPICIOUS_MOVE = YES;
				CLANG_WARN_UNGUARDED_AVAILABILITY = YES_AGGRESSIVE;
				CLANG_WARN_UNREACHABLE_CODE = YES;
				CLANG_WARN__DUPLICATE_METHOD_MATCH = YES;
				COPY_PHASE_STRIP = NO;
				DEBUG_INFORMATION_FORMAT = dwarf;
				ENABLE_STRICT_OBJC_MSGSEND = YES;
				ENABLE_TESTABILITY = YES;
				GCC_C_LANGUAGE_STANDARD = gnu11;
				GCC_DYNAMIC_NO_PIC = NO;
				GCC_NO_COMMON_BLOCKS = YES;
				GCC_OPTIMIZATION_LEVEL = 0;
				GCC_PREPROCESSOR_DEFINITIONS = (
					"DEBUG=1",
					"$(inherited)",
				);
				GCC_WARN_64_TO_32_BIT_CONVERSION = YES;
				GCC_WARN_ABOUT_RETURN_TYPE = YES_ERROR;
				GCC_WARN_UNDECLARED_SELECTOR = YES;
				GCC_WARN_UNINITIALIZED_AUTOS = YES_AGGRESSIVE;
				GCC_WARN_UNUSED_FUNCTION = YES;
				GCC_WARN_UNUSED_VARIABLE = YES;
				IPHONEOS_DEPLOYMENT_TARGET = 16.2;
				MTL_ENABLE_DEBUG_INFO = INCLUDE_SOURCE;
				MTL_FAST_MATH = YES;
				ONLY_ACTIVE_ARCH = YES;
				SDKROOT = iphoneos;
				SWIFT_ACTIVE_COMPILATION_CONDITIONS = DEBUG;
				SWIFT_OPTIMIZATION_LEVEL = "-Onone";
			};
			name = Debug;
		};
		7AF0D5A12AA6D37B0085AAC8 /* Release */ = {
			isa = XCBuildConfiguration;
			buildSettings = {
				ALWAYS_SEARCH_USER_PATHS = NO;
				CLANG_ANALYZER_NONNULL = YES;
				CLANG_ANALYZER_NUMBER_OBJECT_CONVERSION = YES_AGGRESSIVE;
				CLANG_CXX_LANGUAGE_STANDARD = "gnu++20";
				CLANG_ENABLE_MODULES = YES;
				CLANG_ENABLE_OBJC_ARC = YES;
				CLANG_ENABLE_OBJC_WEAK = YES;
				CLANG_WARN_BLOCK_CAPTURE_AUTORELEASING = YES;
				CLANG_WARN_BOOL_CONVERSION = YES;
				CLANG_WARN_COMMA = YES;
				CLANG_WARN_CONSTANT_CONVERSION = YES;
				CLANG_WARN_DEPRECATED_OBJC_IMPLEMENTATIONS = YES;
				CLANG_WARN_DIRECT_OBJC_ISA_USAGE = YES_ERROR;
				CLANG_WARN_DOCUMENTATION_COMMENTS = YES;
				CLANG_WARN_EMPTY_BODY = YES;
				CLANG_WARN_ENUM_CONVERSION = YES;
				CLANG_WARN_INFINITE_RECURSION = YES;
				CLANG_WARN_INT_CONVERSION = YES;
				CLANG_WARN_NON_LITERAL_NULL_CONVERSION = YES;
				CLANG_WARN_OBJC_IMPLICIT_RETAIN_SELF = YES;
				CLANG_WARN_OBJC_LITERAL_CONVERSION = YES;
				CLANG_WARN_OBJC_ROOT_CLASS = YES_ERROR;
				CLANG_WARN_QUOTED_INCLUDE_IN_FRAMEWORK_HEADER = YES;
				CLANG_WARN_RANGE_LOOP_ANALYSIS = YES;
				CLANG_WARN_STRICT_PROTOTYPES = YES;
				CLANG_WARN_SUSPICIOUS_MOVE = YES;
				CLANG_WARN_UNGUARDED_AVAILABILITY = YES_AGGRESSIVE;
				CLANG_WARN_UNREACHABLE_CODE = YES;
				CLANG_WARN__DUPLICATE_METHOD_MATCH = YES;
				COPY_PHASE_STRIP = NO;
				DEBUG_INFORMATION_FORMAT = "dwarf-with-dsym";
				ENABLE_NS_ASSERTIONS = NO;
				ENABLE_STRICT_OBJC_MSGSEND = YES;
				GCC_C_LANGUAGE_STANDARD = gnu11;
				GCC_NO_COMMON_BLOCKS = YES;
				GCC_WARN_64_TO_32_BIT_CONVERSION = YES;
				GCC_WARN_ABOUT_RETURN_TYPE = YES_ERROR;
				GCC_WARN_UNDECLARED_SELECTOR = YES;
				GCC_WARN_UNINITIALIZED_AUTOS = YES_AGGRESSIVE;
				GCC_WARN_UNUSED_FUNCTION = YES;
				GCC_WARN_UNUSED_VARIABLE = YES;
				IPHONEOS_DEPLOYMENT_TARGET = 16.2;
				MTL_ENABLE_DEBUG_INFO = NO;
				MTL_FAST_MATH = YES;
				SDKROOT = iphoneos;
				SWIFT_COMPILATION_MODE = wholemodule;
				SWIFT_OPTIMIZATION_LEVEL = "-O";
				VALIDATE_PRODUCT = YES;
			};
			name = Release;
		};
		7AF0D5A32AA6D37B0085AAC8 /* Debug */ = {
			isa = XCBuildConfiguration;
			buildSettings = {
				ASSETCATALOG_COMPILER_APPICON_NAME = AppIcon;
				ASSETCATALOG_COMPILER_GLOBAL_ACCENT_COLOR_NAME = AccentColor;
				CODE_SIGN_STYLE = Automatic;
				CURRENT_PROJECT_VERSION = 1;
				DEVELOPMENT_ASSET_PATHS = "\"project-chef-gg/Preview Content\"";
				DEVELOPMENT_TEAM = P4X47TFL35;
				ENABLE_PREVIEWS = YES;
				GENERATE_INFOPLIST_FILE = YES;
				INFOPLIST_FILE = "project-chef-gg/Info.plist";
				INFOPLIST_KEY_UIApplicationSceneManifest_Generation = YES;
				INFOPLIST_KEY_UIApplicationSupportsIndirectInputEvents = YES;
				INFOPLIST_KEY_UILaunchScreen_Generation = YES;
				INFOPLIST_KEY_UISupportedInterfaceOrientations = UIInterfaceOrientationPortrait;
				INFOPLIST_KEY_UISupportedInterfaceOrientations_iPad = "UIInterfaceOrientationPortrait UIInterfaceOrientationPortraitUpsideDown";
				LD_RUNPATH_SEARCH_PATHS = (
					"$(inherited)",
					"@executable_path/Frameworks",
				);
				MARKETING_VERSION = 0.0.1;
				PRODUCT_BUNDLE_IDENTIFIER = "com.ggamecast.project-chef-gg";
				PRODUCT_NAME = "$(TARGET_NAME)";
				SUPPORTED_PLATFORMS = "iphoneos iphonesimulator";
				SUPPORTS_MACCATALYST = NO;
				SUPPORTS_MAC_DESIGNED_FOR_IPHONE_IPAD = NO;
				SWIFT_EMIT_LOC_STRINGS = YES;
				SWIFT_VERSION = 5.0;
				TARGETED_DEVICE_FAMILY = "1,2";
			};
			name = Debug;
		};
		7AF0D5A42AA6D37B0085AAC8 /* Release */ = {
			isa = XCBuildConfiguration;
			buildSettings = {
				ASSETCATALOG_COMPILER_APPICON_NAME = AppIcon;
				ASSETCATALOG_COMPILER_GLOBAL_ACCENT_COLOR_NAME = AccentColor;
				CODE_SIGN_STYLE = Automatic;
				CURRENT_PROJECT_VERSION = 1;
				DEVELOPMENT_ASSET_PATHS = "\"project-chef-gg/Preview Content\"";
				DEVELOPMENT_TEAM = P4X47TFL35;
				ENABLE_PREVIEWS = YES;
				GENERATE_INFOPLIST_FILE = YES;
				INFOPLIST_FILE = "project-chef-gg/Info.plist";
				INFOPLIST_KEY_UIApplicationSceneManifest_Generation = YES;
				INFOPLIST_KEY_UIApplicationSupportsIndirectInputEvents = YES;
				INFOPLIST_KEY_UILaunchScreen_Generation = YES;
				INFOPLIST_KEY_UISupportedInterfaceOrientations = UIInterfaceOrientationPortrait;
				INFOPLIST_KEY_UISupportedInterfaceOrientations_iPad = "UIInterfaceOrientationPortrait UIInterfaceOrientationPortraitUpsideDown";
				LD_RUNPATH_SEARCH_PATHS = (
					"$(inherited)",
					"@executable_path/Frameworks",
				);
				MARKETING_VERSION = 0.0.1;
				PRODUCT_BUNDLE_IDENTIFIER = "com.ggamecast.project-chef-gg";
				PRODUCT_NAME = "$(TARGET_NAME)";
				SUPPORTED_PLATFORMS = "iphoneos iphonesimulator";
				SUPPORTS_MACCATALYST = NO;
				SUPPORTS_MAC_DESIGNED_FOR_IPHONE_IPAD = NO;
				SWIFT_EMIT_LOC_STRINGS = YES;
				SWIFT_VERSION = 5.0;
				TARGETED_DEVICE_FAMILY = "1,2";
			};
			name = Release;
		};
/* End XCBuildConfiguration section */

/* Begin XCConfigurationList section */
		7AF0D5792AA6D37A0085AAC8 /* Build configuration list for PBXProject "project-chef-gg" */ = {
			isa = XCConfigurationList;
			buildConfigurations = (
				7AF0D5A02AA6D37B0085AAC8 /* Debug */,
				7AF0D5A12AA6D37B0085AAC8 /* Release */,
			);
			defaultConfigurationIsVisible = 0;
			defaultConfigurationName = Release;
		};
		7AF0D5A22AA6D37B0085AAC8 /* Build configuration list for PBXNativeTarget "project-chef-gg" */ = {
			isa = XCConfigurationList;
			buildConfigurations = (
				7AF0D5A32AA6D37B0085AAC8 /* Debug */,
				7AF0D5A42AA6D37B0085AAC8 /* Release */,
			);
			defaultConfigurationIsVisible = 0;
			defaultConfigurationName = Release;
		};
/* End XCConfigurationList section */

/* Begin XCRemoteSwiftPackageReference section */
		7AE16F132AA9363E0060B410 /* XCRemoteSwiftPackageReference "GoogleSignIn-iOS" */ = {
			isa = XCRemoteSwiftPackageReference;
			repositoryURL = "https://github.com/google/GoogleSignIn-iOS";
			requirement = {
				kind = upToNextMajorVersion;
				minimumVersion = 7.0.0;
			};
		};
		7AF0D5AD2AA6D79D0085AAC8 /* XCRemoteSwiftPackageReference "firebase-ios-sdk" */ = {
			isa = XCRemoteSwiftPackageReference;
			repositoryURL = "https://github.com/firebase/firebase-ios-sdk";
			requirement = {
				kind = upToNextMajorVersion;
				minimumVersion = 10.0.0;
			};
		};
/* End XCRemoteSwiftPackageReference section */

/* Begin XCSwiftPackageProductDependency section */
		7AE16F142AA9363E0060B410 /* GoogleSignIn */ = {
			isa = XCSwiftPackageProductDependency;
			package = 7AE16F132AA9363E0060B410 /* XCRemoteSwiftPackageReference "GoogleSignIn-iOS" */;
			productName = GoogleSignIn;
		};
		7AE16F162AA9363E0060B410 /* GoogleSignInSwift */ = {
			isa = XCSwiftPackageProductDependency;
			package = 7AE16F132AA9363E0060B410 /* XCRemoteSwiftPackageReference "GoogleSignIn-iOS" */;
			productName = GoogleSignInSwift;
		};
		7AF0D5AE2AA6D79D0085AAC8 /* FirebaseAnalytics */ = {
			isa = XCSwiftPackageProductDependency;
			package = 7AF0D5AD2AA6D79D0085AAC8 /* XCRemoteSwiftPackageReference "firebase-ios-sdk" */;
			productName = FirebaseAnalytics;
		};
		7AF0D5B02AA6D79D0085AAC8 /* FirebaseAnalyticsSwift */ = {
			isa = XCSwiftPackageProductDependency;
			package = 7AF0D5AD2AA6D79D0085AAC8 /* XCRemoteSwiftPackageReference "firebase-ios-sdk" */;
			productName = FirebaseAnalyticsSwift;
		};
		7AF0D5B22AA6D79D0085AAC8 /* FirebaseAppCheck */ = {
			isa = XCSwiftPackageProductDependency;
			package = 7AF0D5AD2AA6D79D0085AAC8 /* XCRemoteSwiftPackageReference "firebase-ios-sdk" */;
			productName = FirebaseAppCheck;
		};
		7AF0D5B42AA6D79D0085AAC8 /* FirebaseAppDistribution-Beta */ = {
			isa = XCSwiftPackageProductDependency;
			package = 7AF0D5AD2AA6D79D0085AAC8 /* XCRemoteSwiftPackageReference "firebase-ios-sdk" */;
			productName = "FirebaseAppDistribution-Beta";
		};
		7AF0D5B62AA6D79D0085AAC8 /* FirebaseAuthCombine-Community */ = {
			isa = XCSwiftPackageProductDependency;
			package = 7AF0D5AD2AA6D79D0085AAC8 /* XCRemoteSwiftPackageReference "firebase-ios-sdk" */;
			productName = "FirebaseAuthCombine-Community";
		};
		7AF0D5B82AA6D79D0085AAC8 /* FirebaseCrashlytics */ = {
			isa = XCSwiftPackageProductDependency;
			package = 7AF0D5AD2AA6D79D0085AAC8 /* XCRemoteSwiftPackageReference "firebase-ios-sdk" */;
			productName = FirebaseCrashlytics;
		};
		7AF0D5BA2AA6D79D0085AAC8 /* FirebaseFirestoreCombine-Community */ = {
			isa = XCSwiftPackageProductDependency;
			package = 7AF0D5AD2AA6D79D0085AAC8 /* XCRemoteSwiftPackageReference "firebase-ios-sdk" */;
			productName = "FirebaseFirestoreCombine-Community";
		};
		7AF0D5BC2AA6D79D0085AAC8 /* FirebaseFunctionsCombine-Community */ = {
			isa = XCSwiftPackageProductDependency;
			package = 7AF0D5AD2AA6D79D0085AAC8 /* XCRemoteSwiftPackageReference "firebase-ios-sdk" */;
			productName = "FirebaseFunctionsCombine-Community";
		};
		7AF0D5BE2AA6D79D0085AAC8 /* FirebaseInAppMessagingSwift-Beta */ = {
			isa = XCSwiftPackageProductDependency;
			package = 7AF0D5AD2AA6D79D0085AAC8 /* XCRemoteSwiftPackageReference "firebase-ios-sdk" */;
			productName = "FirebaseInAppMessagingSwift-Beta";
		};
		7AF0D5C02AA6D79D0085AAC8 /* FirebaseInstallations */ = {
			isa = XCSwiftPackageProductDependency;
			package = 7AF0D5AD2AA6D79D0085AAC8 /* XCRemoteSwiftPackageReference "firebase-ios-sdk" */;
			productName = FirebaseInstallations;
		};
		7AF0D5C22AA6D79D0085AAC8 /* FirebaseMessaging */ = {
			isa = XCSwiftPackageProductDependency;
			package = 7AF0D5AD2AA6D79D0085AAC8 /* XCRemoteSwiftPackageReference "firebase-ios-sdk" */;
			productName = FirebaseMessaging;
		};
		7AF0D5C42AA6D79D0085AAC8 /* FirebasePerformance */ = {
			isa = XCSwiftPackageProductDependency;
			package = 7AF0D5AD2AA6D79D0085AAC8 /* XCRemoteSwiftPackageReference "firebase-ios-sdk" */;
			productName = FirebasePerformance;
		};
		7AF0D5C62AA6D79D0085AAC8 /* FirebaseRemoteConfigSwift */ = {
			isa = XCSwiftPackageProductDependency;
			package = 7AF0D5AD2AA6D79D0085AAC8 /* XCRemoteSwiftPackageReference "firebase-ios-sdk" */;
			productName = FirebaseRemoteConfigSwift;
		};
		7AF0D5C82AA6D79D0085AAC8 /* FirebaseStorageCombine-Community */ = {
			isa = XCSwiftPackageProductDependency;
			package = 7AF0D5AD2AA6D79D0085AAC8 /* XCRemoteSwiftPackageReference "firebase-ios-sdk" */;
			productName = "FirebaseStorageCombine-Community";
		};
/* End XCSwiftPackageProductDependency section */
	};
	rootObject = 7AF0D5762AA6D37A0085AAC8 /* Project object */;
}
