// !$*UTF8*$!
{
	archiveVersion = 1;
	classes = {
	};
	objectVersion = 56;
	objects = {

/* Begin PBXBuildFile section */
		7AF0D5822AA6D37A0085AAC8 /* project_chef_ggApp.swift in Sources */ = {isa = PBXBuildFile; fileRef = 7AF0D5812AA6D37A0085AAC8 /* project_chef_ggApp.swift */; };
		7AF0D5842AA6D37A0085AAC8 /* ContentView.swift in Sources */ = {isa = PBXBuildFile; fileRef = 7AF0D5832AA6D37A0085AAC8 /* ContentView.swift */; };
		7AF0D5862AA6D37B0085AAC8 /* Assets.xcassets in Resources */ = {isa = PBXBuildFile; fileRef = 7AF0D5852AA6D37B0085AAC8 /* Assets.xcassets */; };
		7AF0D5892AA6D37B0085AAC8 /* Preview Assets.xcassets in Resources */ = {isa = PBXBuildFile; fileRef = 7AF0D5882AA6D37B0085AAC8 /* Preview Assets.xcassets */; };
		7AF0D5932AA6D37B0085AAC8 /* project_chef_ggTests.swift in Sources */ = {isa = PBXBuildFile; fileRef = 7AF0D5922AA6D37B0085AAC8 /* project_chef_ggTests.swift */; };
		7AF0D59D2AA6D37B0085AAC8 /* project_chef_ggUITests.swift in Sources */ = {isa = PBXBuildFile; fileRef = 7AF0D59C2AA6D37B0085AAC8 /* project_chef_ggUITests.swift */; };
		7AF0D59F2AA6D37B0085AAC8 /* project_chef_ggUITestsLaunchTests.swift in Sources */ = {isa = PBXBuildFile; fileRef = 7AF0D59E2AA6D37B0085AAC8 /* project_chef_ggUITestsLaunchTests.swift */; };
/* End PBXBuildFile section */

/* Begin PBXContainerItemProxy section */
		7AF0D58F2AA6D37B0085AAC8 /* PBXContainerItemProxy */ = {
			isa = PBXContainerItemProxy;
			containerPortal = 7AF0D5762AA6D37A0085AAC8 /* Project object */;
			proxyType = 1;
			remoteGlobalIDString = 7AF0D57D2AA6D37A0085AAC8;
			remoteInfo = "project-chef-gg";
		};
		7AF0D5992AA6D37B0085AAC8 /* PBXContainerItemProxy */ = {
			isa = PBXContainerItemProxy;
			containerPortal = 7AF0D5762AA6D37A0085AAC8 /* Project object */;
			proxyType = 1;
			remoteGlobalIDString = 7AF0D57D2AA6D37A0085AAC8;
			remoteInfo = "project-chef-gg";
		};
/* End PBXContainerItemProxy section */

/* Begin PBXFileReference section */
		7AF0D57E2AA6D37A0085AAC8 /* project-chef-gg.app */ = {isa = PBXFileReference; explicitFileType = wrapper.application; includeInIndex = 0; path = "project-chef-gg.app"; sourceTree = BUILT_PRODUCTS_DIR; };
		7AF0D5812AA6D37A0085AAC8 /* project_chef_ggApp.swift */ = {isa = PBXFileReference; lastKnownFileType = sourcecode.swift; path = project_chef_ggApp.swift; sourceTree = "<group>"; };
		7AF0D5832AA6D37A0085AAC8 /* ContentView.swift */ = {isa = PBXFileReference; lastKnownFileType = sourcecode.swift; path = ContentView.swift; sourceTree = "<group>"; };
		7AF0D5852AA6D37B0085AAC8 /* Assets.xcassets */ = {isa = PBXFileReference; lastKnownFileType = folder.assetcatalog; path = Assets.xcassets; sourceTree = "<group>"; };
		7AF0D5882AA6D37B0085AAC8 /* Preview Assets.xcassets */ = {isa = PBXFileReference; lastKnownFileType = folder.assetcatalog; path = "Preview Assets.xcassets"; sourceTree = "<group>"; };
		7AF0D58E2AA6D37B0085AAC8 /* project-chef-ggTests.xctest */ = {isa = PBXFileReference; explicitFileType = wrapper.cfbundle; includeInIndex = 0; path = "project-chef-ggTests.xctest"; sourceTree = BUILT_PRODUCTS_DIR; };
		7AF0D5922AA6D37B0085AAC8 /* project_chef_ggTests.swift */ = {isa = PBXFileReference; lastKnownFileType = sourcecode.swift; path = project_chef_ggTests.swift; sourceTree = "<group>"; };
		7AF0D5982AA6D37B0085AAC8 /* project-chef-ggUITests.xctest */ = {isa = PBXFileReference; explicitFileType = wrapper.cfbundle; includeInIndex = 0; path = "project-chef-ggUITests.xctest"; sourceTree = BUILT_PRODUCTS_DIR; };
		7AF0D59C2AA6D37B0085AAC8 /* project_chef_ggUITests.swift */ = {isa = PBXFileReference; lastKnownFileType = sourcecode.swift; path = project_chef_ggUITests.swift; sourceTree = "<group>"; };
		7AF0D59E2AA6D37B0085AAC8 /* project_chef_ggUITestsLaunchTests.swift */ = {isa = PBXFileReference; lastKnownFileType = sourcecode.swift; path = project_chef_ggUITestsLaunchTests.swift; sourceTree = "<group>"; };
/* End PBXFileReference section */

/* Begin PBXFrameworksBuildPhase section */
		7AF0D57B2AA6D37A0085AAC8 /* Frameworks */ = {
			isa = PBXFrameworksBuildPhase;
			buildActionMask = 2147483647;
			files = (
			);
			runOnlyForDeploymentPostprocessing = 0;
		};
		7AF0D58B2AA6D37B0085AAC8 /* Frameworks */ = {
			isa = PBXFrameworksBuildPhase;
			buildActionMask = 2147483647;
			files = (
			);
			runOnlyForDeploymentPostprocessing = 0;
		};
		7AF0D5952AA6D37B0085AAC8 /* Frameworks */ = {
			isa = PBXFrameworksBuildPhase;
			buildActionMask = 2147483647;
			files = (
			);
			runOnlyForDeploymentPostprocessing = 0;
		};
/* End PBXFrameworksBuildPhase section */

/* Begin PBXGroup section */
		7AF0D5752AA6D37A0085AAC8 = {
			isa = PBXGroup;
			children = (
				7AF0D5802AA6D37A0085AAC8 /* project-chef-gg */,
				7AF0D5912AA6D37B0085AAC8 /* project-chef-ggTests */,
				7AF0D59B2AA6D37B0085AAC8 /* project-chef-ggUITests */,
				7AF0D57F2AA6D37A0085AAC8 /* Products */,
			);
			sourceTree = "<group>";
		};
		7AF0D57F2AA6D37A0085AAC8 /* Products */ = {
			isa = PBXGroup;
			children = (
				7AF0D57E2AA6D37A0085AAC8 /* project-chef-gg.app */,
				7AF0D58E2AA6D37B0085AAC8 /* project-chef-ggTests.xctest */,
				7AF0D5982AA6D37B0085AAC8 /* project-chef-ggUITests.xctest */,
			);
			name = Products;
			sourceTree = "<group>";
		};
		7AF0D5802AA6D37A0085AAC8 /* project-chef-gg */ = {
			isa = PBXGroup;
			children = (
				7AF0D5812AA6D37A0085AAC8 /* project_chef_ggApp.swift */,
				7AF0D5832AA6D37A0085AAC8 /* ContentView.swift */,
				7AF0D5852AA6D37B0085AAC8 /* Assets.xcassets */,
				7AF0D5872AA6D37B0085AAC8 /* Preview Content */,
			);
			path = "project-chef-gg";
			sourceTree = "<group>";
		};
		7AF0D5872AA6D37B0085AAC8 /* Preview Content */ = {
			isa = PBXGroup;
			children = (
				7AF0D5882AA6D37B0085AAC8 /* Preview Assets.xcassets */,
			);
			path = "Preview Content";
			sourceTree = "<group>";
		};
		7AF0D5912AA6D37B0085AAC8 /* project-chef-ggTests */ = {
			isa = PBXGroup;
			children = (
				7AF0D5922AA6D37B0085AAC8 /* project_chef_ggTests.swift */,
			);
			path = "project-chef-ggTests";
			sourceTree = "<group>";
		};
		7AF0D59B2AA6D37B0085AAC8 /* project-chef-ggUITests */ = {
			isa = PBXGroup;
			children = (
				7AF0D59C2AA6D37B0085AAC8 /* project_chef_ggUITests.swift */,
				7AF0D59E2AA6D37B0085AAC8 /* project_chef_ggUITestsLaunchTests.swift */,
			);
			path = "project-chef-ggUITests";
			sourceTree = "<group>";
		};
/* End PBXGroup section */

/* Begin PBXNativeTarget section */
		7AF0D57D2AA6D37A0085AAC8 /* project-chef-gg */ = {
			isa = PBXNativeTarget;
			buildConfigurationList = 7AF0D5A22AA6D37B0085AAC8 /* Build configuration list for PBXNativeTarget "project-chef-gg" */;
			buildPhases = (
				7AF0D57A2AA6D37A0085AAC8 /* Sources */,
				7AF0D57B2AA6D37A0085AAC8 /* Frameworks */,
				7AF0D57C2AA6D37A0085AAC8 /* Resources */,
			);
			buildRules = (
			);
			dependencies = (
			);
			name = "project-chef-gg";
			productName = "project-chef-gg";
			productReference = 7AF0D57E2AA6D37A0085AAC8 /* project-chef-gg.app */;
			productType = "com.apple.product-type.application";
		};
		7AF0D58D2AA6D37B0085AAC8 /* project-chef-ggTests */ = {
			isa = PBXNativeTarget;
			buildConfigurationList = 7AF0D5A52AA6D37B0085AAC8 /* Build configuration list for PBXNativeTarget "project-chef-ggTests" */;
			buildPhases = (
				7AF0D58A2AA6D37B0085AAC8 /* Sources */,
				7AF0D58B2AA6D37B0085AAC8 /* Frameworks */,
				7AF0D58C2AA6D37B0085AAC8 /* Resources */,
			);
			buildRules = (
			);
			dependencies = (
				7AF0D5902AA6D37B0085AAC8 /* PBXTargetDependency */,
			);
			name = "project-chef-ggTests";
			productName = "project-chef-ggTests";
			productReference = 7AF0D58E2AA6D37B0085AAC8 /* project-chef-ggTests.xctest */;
			productType = "com.apple.product-type.bundle.unit-test";
		};
		7AF0D5972AA6D37B0085AAC8 /* project-chef-ggUITests */ = {
			isa = PBXNativeTarget;
			buildConfigurationList = 7AF0D5A82AA6D37B0085AAC8 /* Build configuration list for PBXNativeTarget "project-chef-ggUITests" */;
			buildPhases = (
				7AF0D5942AA6D37B0085AAC8 /* Sources */,
				7AF0D5952AA6D37B0085AAC8 /* Frameworks */,
				7AF0D5962AA6D37B0085AAC8 /* Resources */,
			);
			buildRules = (
			);
			dependencies = (
				7AF0D59A2AA6D37B0085AAC8 /* PBXTargetDependency */,
			);
			name = "project-chef-ggUITests";
			productName = "project-chef-ggUITests";
			productReference = 7AF0D5982AA6D37B0085AAC8 /* project-chef-ggUITests.xctest */;
			productType = "com.apple.product-type.bundle.ui-testing";
		};
/* End PBXNativeTarget section */

/* Begin PBXProject section */
		7AF0D5762AA6D37A0085AAC8 /* Project object */ = {
			isa = PBXProject;
			attributes = {
				BuildIndependentTargetsInParallel = 1;
				LastSwiftUpdateCheck = 1430;
				LastUpgradeCheck = 1430;
				TargetAttributes = {
					7AF0D57D2AA6D37A0085AAC8 = {
						CreatedOnToolsVersion = 14.3.1;
					};
					7AF0D58D2AA6D37B0085AAC8 = {
						CreatedOnToolsVersion = 14.3.1;
						TestTargetID = 7AF0D57D2AA6D37A0085AAC8;
					};
					7AF0D5972AA6D37B0085AAC8 = {
						CreatedOnToolsVersion = 14.3.1;
						TestTargetID = 7AF0D57D2AA6D37A0085AAC8;
					};
				};
			};
			buildConfigurationList = 7AF0D5792AA6D37A0085AAC8 /* Build configuration list for PBXProject "project-chef-gg" */;
			compatibilityVersion = "Xcode 14.0";
			developmentRegion = en;
			hasScannedForEncodings = 0;
			knownRegions = (
				en,
				Base,
			);
			mainGroup = 7AF0D5752AA6D37A0085AAC8;
			productRefGroup = 7AF0D57F2AA6D37A0085AAC8 /* Products */;
			projectDirPath = "";
			projectRoot = "";
			targets = (
				7AF0D57D2AA6D37A0085AAC8 /* project-chef-gg */,
				7AF0D58D2AA6D37B0085AAC8 /* project-chef-ggTests */,
				7AF0D5972AA6D37B0085AAC8 /* project-chef-ggUITests */,
			);
		};
/* End PBXProject section */

/* Begin PBXResourcesBuildPhase section */
		7AF0D57C2AA6D37A0085AAC8 /* Resources */ = {
			isa = PBXResourcesBuildPhase;
			buildActionMask = 2147483647;
			files = (
				7AF0D5892AA6D37B0085AAC8 /* Preview Assets.xcassets in Resources */,
				7AF0D5862AA6D37B0085AAC8 /* Assets.xcassets in Resources */,
			);
			runOnlyForDeploymentPostprocessing = 0;
		};
		7AF0D58C2AA6D37B0085AAC8 /* Resources */ = {
			isa = PBXResourcesBuildPhase;
			buildActionMask = 2147483647;
			files = (
			);
			runOnlyForDeploymentPostprocessing = 0;
		};
		7AF0D5962AA6D37B0085AAC8 /* Resources */ = {
			isa = PBXResourcesBuildPhase;
			buildActionMask = 2147483647;
			files = (
			);
			runOnlyForDeploymentPostprocessing = 0;
		};
/* End PBXResourcesBuildPhase section */

/* Begin PBXSourcesBuildPhase section */
		7AF0D57A2AA6D37A0085AAC8 /* Sources */ = {
			isa = PBXSourcesBuildPhase;
			buildActionMask = 2147483647;
			files = (
				7AF0D5842AA6D37A0085AAC8 /* ContentView.swift in Sources */,
				7AF0D5822AA6D37A0085AAC8 /* project_chef_ggApp.swift in Sources */,
			);
			runOnlyForDeploymentPostprocessing = 0;
		};
		7AF0D58A2AA6D37B0085AAC8 /* Sources */ = {
			isa = PBXSourcesBuildPhase;
			buildActionMask = 2147483647;
			files = (
				7AF0D5932AA6D37B0085AAC8 /* project_chef_ggTests.swift in Sources */,
			);
			runOnlyForDeploymentPostprocessing = 0;
		};
		7AF0D5942AA6D37B0085AAC8 /* Sources */ = {
			isa = PBXSourcesBuildPhase;
			buildActionMask = 2147483647;
			files = (
				7AF0D59F2AA6D37B0085AAC8 /* project_chef_ggUITestsLaunchTests.swift in Sources */,
				7AF0D59D2AA6D37B0085AAC8 /* project_chef_ggUITests.swift in Sources */,
			);
			runOnlyForDeploymentPostprocessing = 0;
		};
/* End PBXSourcesBuildPhase section */

/* Begin PBXTargetDependency section */
		7AF0D5902AA6D37B0085AAC8 /* PBXTargetDependency */ = {
			isa = PBXTargetDependency;
			target = 7AF0D57D2AA6D37A0085AAC8 /* project-chef-gg */;
			targetProxy = 7AF0D58F2AA6D37B0085AAC8 /* PBXContainerItemProxy */;
		};
		7AF0D59A2AA6D37B0085AAC8 /* PBXTargetDependency */ = {
			isa = PBXTargetDependency;
			target = 7AF0D57D2AA6D37A0085AAC8 /* project-chef-gg */;
			targetProxy = 7AF0D5992AA6D37B0085AAC8 /* PBXContainerItemProxy */;
		};
/* End PBXTargetDependency section */

/* Begin XCBuildConfiguration section */
		7AF0D5A02AA6D37B0085AAC8 /* Debug */ = {
			isa = XCBuildConfiguration;
			buildSettings = {
				ALWAYS_SEARCH_USER_PATHS = NO;
				CLANG_ANALYZER_NONNULL = YES;
				CLANG_ANALYZER_NUMBER_OBJECT_CONVERSION = YES_AGGRESSIVE;
				CLANG_CXX_LANGUAGE_STANDARD = "gnu++20";
				CLANG_ENABLE_MODULES = YES;
				CLANG_ENABLE_OBJC_ARC = YES;
				CLANG_ENABLE_OBJC_WEAK = YES;
				CLANG_WARN_BLOCK_CAPTURE_AUTORELEASING = YES;
				CLANG_WARN_BOOL_CONVERSION = YES;
				CLANG_WARN_COMMA = YES;
				CLANG_WARN_CONSTANT_CONVERSION = YES;
				CLANG_WARN_DEPRECATED_OBJC_IMPLEMENTATIONS = YES;
				CLANG_WARN_DIRECT_OBJC_ISA_USAGE = YES_ERROR;
				CLANG_WARN_DOCUMENTATION_COMMENTS = YES;
				CLANG_WARN_EMPTY_BODY = YES;
				CLANG_WARN_ENUM_CONVERSION = YES;
				CLANG_WARN_INFINITE_RECURSION = YES;
				CLANG_WARN_INT_CONVERSION = YES;
				CLANG_WARN_NON_LITERAL_NULL_CONVERSION = YES;
				CLANG_WARN_OBJC_IMPLICIT_RETAIN_SELF = YES;
				CLANG_WARN_OBJC_LITERAL_CONVERSION = YES;
				CLANG_WARN_OBJC_ROOT_CLASS = YES_ERROR;
				CLANG_WARN_QUOTED_INCLUDE_IN_FRAMEWORK_HEADER = YES;
				CLANG_WARN_RANGE_LOOP_ANALYSIS = YES;
				CLANG_WARN_STRICT_PROTOTYPES = YES;
				CLANG_WARN_SUSPICIOUS_MOVE = YES;
				CLANG_WARN_UNGUARDED_AVAILABILITY = YES_AGGRESSIVE;
				CLANG_WARN_UNREACHABLE_CODE = YES;
				CLANG_WARN__DUPLICATE_METHOD_MATCH = YES;
				COPY_PHASE_STRIP = NO;
				DEBUG_INFORMATION_FORMAT = dwarf;
				ENABLE_STRICT_OBJC_MSGSEND = YES;
				ENABLE_TESTABILITY = YES;
				GCC_C_LANGUAGE_STANDARD = gnu11;
				GCC_DYNAMIC_NO_PIC = NO;
				GCC_NO_COMMON_BLOCKS = YES;
				GCC_OPTIMIZATION_LEVEL = 0;
				GCC_PREPROCESSOR_DEFINITIONS = (
					"DEBUG=1",
					"$(inherited)",
				);
				GCC_WARN_64_TO_32_BIT_CONVERSION = YES;
				GCC_WARN_ABOUT_RETURN_TYPE = YES_ERROR;
				GCC_WARN_UNDECLARED_SELECTOR = YES;
				GCC_WARN_UNINITIALIZED_AUTOS = YES_AGGRESSIVE;
				GCC_WARN_UNUSED_FUNCTION = YES;
				GCC_WARN_UNUSED_VARIABLE = YES;
				IPHONEOS_DEPLOYMENT_TARGET = 16.4;
				MTL_ENABLE_DEBUG_INFO = INCLUDE_SOURCE;
				MTL_FAST_MATH = YES;
				ONLY_ACTIVE_ARCH = YES;
				SDKROOT = iphoneos;
				SWIFT_ACTIVE_COMPILATION_CONDITIONS = DEBUG;
				SWIFT_OPTIMIZATION_LEVEL = "-Onone";
			};
			name = Debug;
		};
		7AF0D5A12AA6D37B0085AAC8 /* Release */ = {
			isa = XCBuildConfiguration;
			buildSettings = {
				ALWAYS_SEARCH_USER_PATHS = NO;
				CLANG_ANALYZER_NONNULL = YES;
				CLANG_ANALYZER_NUMBER_OBJECT_CONVERSION = YES_AGGRESSIVE;
				CLANG_CXX_LANGUAGE_STANDARD = "gnu++20";
				CLANG_ENABLE_MODULES = YES;
				CLANG_ENABLE_OBJC_ARC = YES;
				CLANG_ENABLE_OBJC_WEAK = YES;
				CLANG_WARN_BLOCK_CAPTURE_AUTORELEASING = YES;
				CLANG_WARN_BOOL_CONVERSION = YES;
				CLANG_WARN_COMMA = YES;
				CLANG_WARN_CONSTANT_CONVERSION = YES;
				CLANG_WARN_DEPRECATED_OBJC_IMPLEMENTATIONS = YES;
				CLANG_WARN_DIRECT_OBJC_ISA_USAGE = YES_ERROR;
				CLANG_WARN_DOCUMENTATION_COMMENTS = YES;
				CLANG_WARN_EMPTY_BODY = YES;
				CLANG_WARN_ENUM_CONVERSION = YES;
				CLANG_WARN_INFINITE_RECURSION = YES;
				CLANG_WARN_INT_CONVERSION = YES;
				CLANG_WARN_NON_LITERAL_NULL_CONVERSION = YES;
				CLANG_WARN_OBJC_IMPLICIT_RETAIN_SELF = YES;
				CLANG_WARN_OBJC_LITERAL_CONVERSION = YES;
				CLANG_WARN_OBJC_ROOT_CLASS = YES_ERROR;
				CLANG_WARN_QUOTED_INCLUDE_IN_FRAMEWORK_HEADER = YES;
				CLANG_WARN_RANGE_LOOP_ANALYSIS = YES;
				CLANG_WARN_STRICT_PROTOTYPES = YES;
				CLANG_WARN_SUSPICIOUS_MOVE = YES;
				CLANG_WARN_UNGUARDED_AVAILABILITY = YES_AGGRESSIVE;
				CLANG_WARN_UNREACHABLE_CODE = YES;
				CLANG_WARN__DUPLICATE_METHOD_MATCH = YES;
				COPY_PHASE_STRIP = NO;
				DEBUG_INFORMATION_FORMAT = "dwarf-with-dsym";
				ENABLE_NS_ASSERTIONS = NO;
				ENABLE_STRICT_OBJC_MSGSEND = YES;
				GCC_C_LANGUAGE_STANDARD = gnu11;
				GCC_NO_COMMON_BLOCKS = YES;
				GCC_WARN_64_TO_32_BIT_CONVERSION = YES;
				GCC_WARN_ABOUT_RETURN_TYPE = YES_ERROR;
				GCC_WARN_UNDECLARED_SELECTOR = YES;
				GCC_WARN_UNINITIALIZED_AUTOS = YES_AGGRESSIVE;
				GCC_WARN_UNUSED_FUNCTION = YES;
				GCC_WARN_UNUSED_VARIABLE = YES;
				IPHONEOS_DEPLOYMENT_TARGET = 16.4;
				MTL_ENABLE_DEBUG_INFO = NO;
				MTL_FAST_MATH = YES;
				SDKROOT = iphoneos;
				SWIFT_COMPILATION_MODE = wholemodule;
				SWIFT_OPTIMIZATION_LEVEL = "-O";
				VALIDATE_PRODUCT = YES;
			};
			name = Release;
		};
		7AF0D5A32AA6D37B0085AAC8 /* Debug */ = {
			isa = XCBuildConfiguration;
			buildSettings = {
				ASSETCATALOG_COMPILER_APPICON_NAME = AppIcon;
				ASSETCATALOG_COMPILER_GLOBAL_ACCENT_COLOR_NAME = AccentColor;
				CODE_SIGN_STYLE = Automatic;
				CURRENT_PROJECT_VERSION = 1;
				DEVELOPMENT_ASSET_PATHS = "\"project-chef-gg/Preview Content\"";
				DEVELOPMENT_TEAM = P4X47TFL35;
				ENABLE_PREVIEWS = YES;
				GENERATE_INFOPLIST_FILE = YES;
				INFOPLIST_KEY_UIApplicationSceneManifest_Generation = YES;
				INFOPLIST_KEY_UIApplicationSupportsIndirectInputEvents = YES;
				INFOPLIST_KEY_UILaunchScreen_Generation = YES;
				INFOPLIST_KEY_UISupportedInterfaceOrientations_iPad = "UIInterfaceOrientationPortrait UIInterfaceOrientationPortraitUpsideDown UIInterfaceOrientationLandscapeLeft UIInterfaceOrientationLandscapeRight";
				INFOPLIST_KEY_UISupportedInterfaceOrientations_iPhone = "UIInterfaceOrientationPortrait UIInterfaceOrientationLandscapeLeft UIInterfaceOrientationLandscapeRight";
				LD_RUNPATH_SEARCH_PATHS = (
					"$(inherited)",
					"@executable_path/Frameworks",
				);
				MARKETING_VERSION = 1.0;
				PRODUCT_BUNDLE_IDENTIFIER = "com.ggamecast.project-chef-gg";
				PRODUCT_NAME = "$(TARGET_NAME)";
				SWIFT_EMIT_LOC_STRINGS = YES;
				SWIFT_VERSION = 5.0;
				TARGETED_DEVICE_FAMILY = "1,2";
			};
			name = Debug;
		};
		7AF0D5A42AA6D37B0085AAC8 /* Release */ = {
			isa = XCBuildConfiguration;
			buildSettings = {
				ASSETCATALOG_COMPILER_APPICON_NAME = AppIcon;
				ASSETCATALOG_COMPILER_GLOBAL_ACCENT_COLOR_NAME = AccentColor;
				CODE_SIGN_STYLE = Automatic;
				CURRENT_PROJECT_VERSION = 1;
				DEVELOPMENT_ASSET_PATHS = "\"project-chef-gg/Preview Content\"";
				DEVELOPMENT_TEAM = P4X47TFL35;
				ENABLE_PREVIEWS = YES;
				GENERATE_INFOPLIST_FILE = YES;
				INFOPLIST_KEY_UIApplicationSceneManifest_Generation = YES;
				INFOPLIST_KEY_UIApplicationSupportsIndirectInputEvents = YES;
				INFOPLIST_KEY_UILaunchScreen_Generation = YES;
				INFOPLIST_KEY_UISupportedInterfaceOrientations_iPad = "UIInterfaceOrientationPortrait UIInterfaceOrientationPortraitUpsideDown UIInterfaceOrientationLandscapeLeft UIInterfaceOrientationLandscapeRight";
				INFOPLIST_KEY_UISupportedInterfaceOrientations_iPhone = "UIInterfaceOrientationPortrait UIInterfaceOrientationLandscapeLeft UIInterfaceOrientationLandscapeRight";
				LD_RUNPATH_SEARCH_PATHS = (
					"$(inherited)",
					"@executable_path/Frameworks",
				);
				MARKETING_VERSION = 1.0;
				PRODUCT_BUNDLE_IDENTIFIER = "com.ggamecast.project-chef-gg";
				PRODUCT_NAME = "$(TARGET_NAME)";
				SWIFT_EMIT_LOC_STRINGS = YES;
				SWIFT_VERSION = 5.0;
				TARGETED_DEVICE_FAMILY = "1,2";
			};
			name = Release;
		};
		7AF0D5A62AA6D37B0085AAC8 /* Debug */ = {
			isa = XCBuildConfiguration;
			buildSettings = {
				ALWAYS_EMBED_SWIFT_STANDARD_LIBRARIES = YES;
				BUNDLE_LOADER = "$(TEST_HOST)";
				CODE_SIGN_STYLE = Automatic;
				CURRENT_PROJECT_VERSION = 1;
				DEVELOPMENT_TEAM = P4X47TFL35;
				GENERATE_INFOPLIST_FILE = YES;
				IPHONEOS_DEPLOYMENT_TARGET = 16.4;
				MARKETING_VERSION = 1.0;
				PRODUCT_BUNDLE_IDENTIFIER = "com.ggamecast.project-chef-ggTests";
				PRODUCT_NAME = "$(TARGET_NAME)";
				SWIFT_EMIT_LOC_STRINGS = NO;
				SWIFT_VERSION = 5.0;
				TARGETED_DEVICE_FAMILY = "1,2";
				TEST_HOST = "$(BUILT_PRODUCTS_DIR)/project-chef-gg.app/$(BUNDLE_EXECUTABLE_FOLDER_PATH)/project-chef-gg";
			};
			name = Debug;
		};
		7AF0D5A72AA6D37B0085AAC8 /* Release */ = {
			isa = XCBuildConfiguration;
			buildSettings = {
				ALWAYS_EMBED_SWIFT_STANDARD_LIBRARIES = YES;
				BUNDLE_LOADER = "$(TEST_HOST)";
				CODE_SIGN_STYLE = Automatic;
				CURRENT_PROJECT_VERSION = 1;
				DEVELOPMENT_TEAM = P4X47TFL35;
				GENERATE_INFOPLIST_FILE = YES;
				IPHONEOS_DEPLOYMENT_TARGET = 16.4;
				MARKETING_VERSION = 1.0;
				PRODUCT_BUNDLE_IDENTIFIER = "com.ggamecast.project-chef-ggTests";
				PRODUCT_NAME = "$(TARGET_NAME)";
				SWIFT_EMIT_LOC_STRINGS = NO;
				SWIFT_VERSION = 5.0;
				TARGETED_DEVICE_FAMILY = "1,2";
				TEST_HOST = "$(BUILT_PRODUCTS_DIR)/project-chef-gg.app/$(BUNDLE_EXECUTABLE_FOLDER_PATH)/project-chef-gg";
			};
			name = Release;
		};
		7AF0D5A92AA6D37B0085AAC8 /* Debug */ = {
			isa = XCBuildConfiguration;
			buildSettings = {
				ALWAYS_EMBED_SWIFT_STANDARD_LIBRARIES = YES;
				CODE_SIGN_STYLE = Automatic;
				CURRENT_PROJECT_VERSION = 1;
				DEVELOPMENT_TEAM = P4X47TFL35;
				GENERATE_INFOPLIST_FILE = YES;
				MARKETING_VERSION = 1.0;
				PRODUCT_BUNDLE_IDENTIFIER = "com.ggamecast.project-chef-ggUITests";
				PRODUCT_NAME = "$(TARGET_NAME)";
				SWIFT_EMIT_LOC_STRINGS = NO;
				SWIFT_VERSION = 5.0;
				TARGETED_DEVICE_FAMILY = "1,2";
				TEST_TARGET_NAME = "project-chef-gg";
			};
			name = Debug;
		};
		7AF0D5AA2AA6D37B0085AAC8 /* Release */ = {
			isa = XCBuildConfiguration;
			buildSettings = {
				ALWAYS_EMBED_SWIFT_STANDARD_LIBRARIES = YES;
				CODE_SIGN_STYLE = Automatic;
				CURRENT_PROJECT_VERSION = 1;
				DEVELOPMENT_TEAM = P4X47TFL35;
				GENERATE_INFOPLIST_FILE = YES;
				MARKETING_VERSION = 1.0;
				PRODUCT_BUNDLE_IDENTIFIER = "com.ggamecast.project-chef-ggUITests";
				PRODUCT_NAME = "$(TARGET_NAME)";
				SWIFT_EMIT_LOC_STRINGS = NO;
				SWIFT_VERSION = 5.0;
				TARGETED_DEVICE_FAMILY = "1,2";
				TEST_TARGET_NAME = "project-chef-gg";
			};
			name = Release;
		};
/* End XCBuildConfiguration section */

/* Begin XCConfigurationList section */
		7AF0D5792AA6D37A0085AAC8 /* Build configuration list for PBXProject "project-chef-gg" */ = {
			isa = XCConfigurationList;
			buildConfigurations = (
				7AF0D5A02AA6D37B0085AAC8 /* Debug */,
				7AF0D5A12AA6D37B0085AAC8 /* Release */,
			);
			defaultConfigurationIsVisible = 0;
			defaultConfigurationName = Release;
		};
		7AF0D5A22AA6D37B0085AAC8 /* Build configuration list for PBXNativeTarget "project-chef-gg" */ = {
			isa = XCConfigurationList;
			buildConfigurations = (
				7AF0D5A32AA6D37B0085AAC8 /* Debug */,
				7AF0D5A42AA6D37B0085AAC8 /* Release */,
			);
			defaultConfigurationIsVisible = 0;
			defaultConfigurationName = Release;
		};
		7AF0D5A52AA6D37B0085AAC8 /* Build configuration list for PBXNativeTarget "project-chef-ggTests" */ = {
			isa = XCConfigurationList;
			buildConfigurations = (
				7AF0D5A62AA6D37B0085AAC8 /* Debug */,
				7AF0D5A72AA6D37B0085AAC8 /* Release */,
			);
			defaultConfigurationIsVisible = 0;
			defaultConfigurationName = Release;
		};
		7AF0D5A82AA6D37B0085AAC8 /* Build configuration list for PBXNativeTarget "project-chef-ggUITests" */ = {
			isa = XCConfigurationList;
			buildConfigurations = (
				7AF0D5A92AA6D37B0085AAC8 /* Debug */,
				7AF0D5AA2AA6D37B0085AAC8 /* Release */,
			);
			defaultConfigurationIsVisible = 0;
			defaultConfigurationName = Release;
		};
/* End XCConfigurationList section */
	};
	rootObject = 7AF0D5762AA6D37A0085AAC8 /* Project object */;
}
